// !$*UTF8*$!
{
	archiveVersion = 1;
	classes = {
	};
	objectVersion = 77;
	objects = {

/* Begin PBXBuildFile section */
		DCBD2D772CB9F56800E2159E /* Swifter in Frameworks */ = {isa = PBXBuildFile; productRef = DCBD2D762CB9F56800E2159E /* Swifter */; };
/* End PBXBuildFile section */

/* Begin PBXContainerItemProxy section */
		DCBD2D592CB9F55900E2159E /* PBXContainerItemProxy */ = {
			isa = PBXContainerItemProxy;
			containerPortal = DCBD2D3F2CB9F55700E2159E /* Project object */;
			proxyType = 1;
			remoteGlobalIDString = DCBD2D462CB9F55700E2159E;
			remoteInfo = StikEMU;
		};
		DCBD2D632CB9F55900E2159E /* PBXContainerItemProxy */ = {
			isa = PBXContainerItemProxy;
			containerPortal = DCBD2D3F2CB9F55700E2159E /* Project object */;
			proxyType = 1;
			remoteGlobalIDString = DCBD2D462CB9F55700E2159E;
			remoteInfo = StikEMU;
		};
/* End PBXContainerItemProxy section */

/* Begin PBXFileReference section */
		DCBD2D472CB9F55700E2159E /* StikFlash.app */ = {isa = PBXFileReference; explicitFileType = wrapper.application; includeInIndex = 0; path = StikFlash.app; sourceTree = BUILT_PRODUCTS_DIR; };
		DCBD2D582CB9F55900E2159E /* StikFlashTests.xctest */ = {isa = PBXFileReference; explicitFileType = wrapper.cfbundle; includeInIndex = 0; path = StikFlashTests.xctest; sourceTree = BUILT_PRODUCTS_DIR; };
		DCBD2D622CB9F55900E2159E /* StikFlashUITests.xctest */ = {isa = PBXFileReference; explicitFileType = wrapper.cfbundle; includeInIndex = 0; path = StikFlashUITests.xctest; sourceTree = BUILT_PRODUCTS_DIR; };
/* End PBXFileReference section */

/* Begin PBXFileSystemSynchronizedBuildFileExceptionSet section */
		DCF75BA02CBB6969001C9F28 /* Exceptions for "StikEMU" folder in "StikFlash" target */ = {
			isa = PBXFileSystemSynchronizedBuildFileExceptionSet;
			membershipExceptions = (
				Info.plist,
			);
			target = DCBD2D462CB9F55700E2159E /* StikFlash */;
		};
/* End PBXFileSystemSynchronizedBuildFileExceptionSet section */

/* Begin PBXFileSystemSynchronizedRootGroup section */
		DCBD2D492CB9F55700E2159E /* StikEMU */ = {
			isa = PBXFileSystemSynchronizedRootGroup;
			exceptions = (
				DCF75BA02CBB6969001C9F28 /* Exceptions for "StikEMU" folder in "StikFlash" target */,
			);
			path = StikEMU;
			sourceTree = "<group>";
		};
		DCBD2D5B2CB9F55900E2159E /* StikEMUTests */ = {
			isa = PBXFileSystemSynchronizedRootGroup;
			path = StikEMUTests;
			sourceTree = "<group>";
		};
		DCBD2D652CB9F55900E2159E /* StikEMUUITests */ = {
			isa = PBXFileSystemSynchronizedRootGroup;
			path = StikEMUUITests;
			sourceTree = "<group>";
		};
/* End PBXFileSystemSynchronizedRootGroup section */

/* Begin PBXFrameworksBuildPhase section */
		DCBD2D442CB9F55700E2159E /* Frameworks */ = {
			isa = PBXFrameworksBuildPhase;
			buildActionMask = 2147483647;
			files = (
				DCBD2D772CB9F56800E2159E /* Swifter in Frameworks */,
			);
			runOnlyForDeploymentPostprocessing = 0;
		};
		DCBD2D552CB9F55900E2159E /* Frameworks */ = {
			isa = PBXFrameworksBuildPhase;
			buildActionMask = 2147483647;
			files = (
			);
			runOnlyForDeploymentPostprocessing = 0;
		};
		DCBD2D5F2CB9F55900E2159E /* Frameworks */ = {
			isa = PBXFrameworksBuildPhase;
			buildActionMask = 2147483647;
			files = (
			);
			runOnlyForDeploymentPostprocessing = 0;
		};
/* End PBXFrameworksBuildPhase section */

/* Begin PBXGroup section */
		DCBD2D3E2CB9F55700E2159E = {
			isa = PBXGroup;
			children = (
				DCBD2D492CB9F55700E2159E /* StikEMU */,
				DCBD2D5B2CB9F55900E2159E /* StikEMUTests */,
				DCBD2D652CB9F55900E2159E /* StikEMUUITests */,
				DCBD2D482CB9F55700E2159E /* Products */,
			);
			sourceTree = "<group>";
		};
		DCBD2D482CB9F55700E2159E /* Products */ = {
			isa = PBXGroup;
			children = (
				DCBD2D472CB9F55700E2159E /* StikFlash.app */,
				DCBD2D582CB9F55900E2159E /* StikFlashTests.xctest */,
				DCBD2D622CB9F55900E2159E /* StikFlashUITests.xctest */,
			);
			name = Products;
			sourceTree = "<group>";
		};
/* End PBXGroup section */

/* Begin PBXNativeTarget section */
		DCBD2D462CB9F55700E2159E /* StikFlash */ = {
			isa = PBXNativeTarget;
			buildConfigurationList = DCBD2D6C2CB9F55900E2159E /* Build configuration list for PBXNativeTarget "StikFlash" */;
			buildPhases = (
				DCBD2D432CB9F55700E2159E /* Sources */,
				DCBD2D442CB9F55700E2159E /* Frameworks */,
				DCBD2D452CB9F55700E2159E /* Resources */,
			);
			buildRules = (
			);
			dependencies = (
			);
			fileSystemSynchronizedGroups = (
				DCBD2D492CB9F55700E2159E /* StikEMU */,
			);
			name = StikFlash;
			packageProductDependencies = (
				DCBD2D762CB9F56800E2159E /* Swifter */,
			);
			productName = StikEMU;
			productReference = DCBD2D472CB9F55700E2159E /* StikFlash.app */;
			productType = "com.apple.product-type.application";
		};
		DCBD2D572CB9F55900E2159E /* StikFlashTests */ = {
			isa = PBXNativeTarget;
			buildConfigurationList = DCBD2D6F2CB9F55900E2159E /* Build configuration list for PBXNativeTarget "StikFlashTests" */;
			buildPhases = (
				DCBD2D542CB9F55900E2159E /* Sources */,
				DCBD2D552CB9F55900E2159E /* Frameworks */,
				DCBD2D562CB9F55900E2159E /* Resources */,
			);
			buildRules = (
			);
			dependencies = (
				DCBD2D5A2CB9F55900E2159E /* PBXTargetDependency */,
			);
			fileSystemSynchronizedGroups = (
				DCBD2D5B2CB9F55900E2159E /* StikEMUTests */,
			);
			name = StikFlashTests;
			packageProductDependencies = (
			);
			productName = StikEMUTests;
			productReference = DCBD2D582CB9F55900E2159E /* StikFlashTests.xctest */;
			productType = "com.apple.product-type.bundle.unit-test";
		};
		DCBD2D612CB9F55900E2159E /* StikFlashUITests */ = {
			isa = PBXNativeTarget;
			buildConfigurationList = DCBD2D722CB9F55900E2159E /* Build configuration list for PBXNativeTarget "StikFlashUITests" */;
			buildPhases = (
				DCBD2D5E2CB9F55900E2159E /* Sources */,
				DCBD2D5F2CB9F55900E2159E /* Frameworks */,
				DCBD2D602CB9F55900E2159E /* Resources */,
			);
			buildRules = (
			);
			dependencies = (
				DCBD2D642CB9F55900E2159E /* PBXTargetDependency */,
			);
			fileSystemSynchronizedGroups = (
				DCBD2D652CB9F55900E2159E /* StikEMUUITests */,
			);
			name = StikFlashUITests;
			packageProductDependencies = (
			);
			productName = StikEMUUITests;
			productReference = DCBD2D622CB9F55900E2159E /* StikFlashUITests.xctest */;
			productType = "com.apple.product-type.bundle.ui-testing";
		};
/* End PBXNativeTarget section */

/* Begin PBXProject section */
		DCBD2D3F2CB9F55700E2159E /* Project object */ = {
			isa = PBXProject;
			attributes = {
				BuildIndependentTargetsInParallel = 1;
				LastSwiftUpdateCheck = 1600;
				LastUpgradeCheck = 1600;
				TargetAttributes = {
					DCBD2D462CB9F55700E2159E = {
						CreatedOnToolsVersion = 16.0;
					};
					DCBD2D572CB9F55900E2159E = {
						CreatedOnToolsVersion = 16.0;
						TestTargetID = DCBD2D462CB9F55700E2159E;
					};
					DCBD2D612CB9F55900E2159E = {
						CreatedOnToolsVersion = 16.0;
						TestTargetID = DCBD2D462CB9F55700E2159E;
					};
				};
			};
			buildConfigurationList = DCBD2D422CB9F55700E2159E /* Build configuration list for PBXProject "StikFlash" */;
			developmentRegion = en;
			hasScannedForEncodings = 0;
			knownRegions = (
				en,
				Base,
			);
			mainGroup = DCBD2D3E2CB9F55700E2159E;
			minimizedProjectReferenceProxies = 1;
			packageReferences = (
				DCBD2D752CB9F56800E2159E /* XCRemoteSwiftPackageReference "swifter" */,
			);
			preferredProjectObjectVersion = 77;
			productRefGroup = DCBD2D482CB9F55700E2159E /* Products */;
			projectDirPath = "";
			projectRoot = "";
			targets = (
				DCBD2D462CB9F55700E2159E /* StikFlash */,
				DCBD2D572CB9F55900E2159E /* StikFlashTests */,
				DCBD2D612CB9F55900E2159E /* StikFlashUITests */,
			);
		};
/* End PBXProject section */

/* Begin PBXResourcesBuildPhase section */
		DCBD2D452CB9F55700E2159E /* Resources */ = {
			isa = PBXResourcesBuildPhase;
			buildActionMask = 2147483647;
			files = (
			);
			runOnlyForDeploymentPostprocessing = 0;
		};
		DCBD2D562CB9F55900E2159E /* Resources */ = {
			isa = PBXResourcesBuildPhase;
			buildActionMask = 2147483647;
			files = (
			);
			runOnlyForDeploymentPostprocessing = 0;
		};
		DCBD2D602CB9F55900E2159E /* Resources */ = {
			isa = PBXResourcesBuildPhase;
			buildActionMask = 2147483647;
			files = (
			);
			runOnlyForDeploymentPostprocessing = 0;
		};
/* End PBXResourcesBuildPhase section */

/* Begin PBXSourcesBuildPhase section */
		DCBD2D432CB9F55700E2159E /* Sources */ = {
			isa = PBXSourcesBuildPhase;
			buildActionMask = 2147483647;
			files = (
			);
			runOnlyForDeploymentPostprocessing = 0;
		};
		DCBD2D542CB9F55900E2159E /* Sources */ = {
			isa = PBXSourcesBuildPhase;
			buildActionMask = 2147483647;
			files = (
			);
			runOnlyForDeploymentPostprocessing = 0;
		};
		DCBD2D5E2CB9F55900E2159E /* Sources */ = {
			isa = PBXSourcesBuildPhase;
			buildActionMask = 2147483647;
			files = (
			);
			runOnlyForDeploymentPostprocessing = 0;
		};
/* End PBXSourcesBuildPhase section */

/* Begin PBXTargetDependency section */
		DCBD2D5A2CB9F55900E2159E /* PBXTargetDependency */ = {
			isa = PBXTargetDependency;
			target = DCBD2D462CB9F55700E2159E /* StikFlash */;
			targetProxy = DCBD2D592CB9F55900E2159E /* PBXContainerItemProxy */;
		};
		DCBD2D642CB9F55900E2159E /* PBXTargetDependency */ = {
			isa = PBXTargetDependency;
			target = DCBD2D462CB9F55700E2159E /* StikFlash */;
			targetProxy = DCBD2D632CB9F55900E2159E /* PBXContainerItemProxy */;
		};
/* End PBXTargetDependency section */

/* Begin XCBuildConfiguration section */
		DCBD2D6A2CB9F55900E2159E /* Debug */ = {
			isa = XCBuildConfiguration;
			buildSettings = {
				ALWAYS_SEARCH_USER_PATHS = NO;
				ASSETCATALOG_COMPILER_GENERATE_SWIFT_ASSET_SYMBOL_EXTENSIONS = YES;
				CLANG_ANALYZER_NONNULL = YES;
				CLANG_ANALYZER_NUMBER_OBJECT_CONVERSION = YES_AGGRESSIVE;
				CLANG_CXX_LANGUAGE_STANDARD = "gnu++20";
				CLANG_ENABLE_MODULES = YES;
				CLANG_ENABLE_OBJC_ARC = YES;
				CLANG_ENABLE_OBJC_WEAK = YES;
				CLANG_WARN_BLOCK_CAPTURE_AUTORELEASING = YES;
				CLANG_WARN_BOOL_CONVERSION = YES;
				CLANG_WARN_COMMA = YES;
				CLANG_WARN_CONSTANT_CONVERSION = YES;
				CLANG_WARN_DEPRECATED_OBJC_IMPLEMENTATIONS = YES;
				CLANG_WARN_DIRECT_OBJC_ISA_USAGE = YES_ERROR;
				CLANG_WARN_DOCUMENTATION_COMMENTS = YES;
				CLANG_WARN_EMPTY_BODY = YES;
				CLANG_WARN_ENUM_CONVERSION = YES;
				CLANG_WARN_INFINITE_RECURSION = YES;
				CLANG_WARN_INT_CONVERSION = YES;
				CLANG_WARN_NON_LITERAL_NULL_CONVERSION = YES;
				CLANG_WARN_OBJC_IMPLICIT_RETAIN_SELF = YES;
				CLANG_WARN_OBJC_LITERAL_CONVERSION = YES;
				CLANG_WARN_OBJC_ROOT_CLASS = YES_ERROR;
				CLANG_WARN_QUOTED_INCLUDE_IN_FRAMEWORK_HEADER = YES;
				CLANG_WARN_RANGE_LOOP_ANALYSIS = YES;
				CLANG_WARN_STRICT_PROTOTYPES = YES;
				CLANG_WARN_SUSPICIOUS_MOVE = YES;
				CLANG_WARN_UNGUARDED_AVAILABILITY = YES_AGGRESSIVE;
				CLANG_WARN_UNREACHABLE_CODE = YES;
				CLANG_WARN__DUPLICATE_METHOD_MATCH = YES;
				COPY_PHASE_STRIP = NO;
				DEBUG_INFORMATION_FORMAT = dwarf;
				ENABLE_STRICT_OBJC_MSGSEND = YES;
				ENABLE_TESTABILITY = YES;
				ENABLE_USER_SCRIPT_SANDBOXING = YES;
				GCC_C_LANGUAGE_STANDARD = gnu17;
				GCC_DYNAMIC_NO_PIC = NO;
				GCC_NO_COMMON_BLOCKS = YES;
				GCC_OPTIMIZATION_LEVEL = 0;
				GCC_PREPROCESSOR_DEFINITIONS = (
					"DEBUG=1",
					"$(inherited)",
				);
				GCC_WARN_64_TO_32_BIT_CONVERSION = YES;
				GCC_WARN_ABOUT_RETURN_TYPE = YES_ERROR;
				GCC_WARN_UNDECLARED_SELECTOR = YES;
				GCC_WARN_UNINITIALIZED_AUTOS = YES_AGGRESSIVE;
				GCC_WARN_UNUSED_FUNCTION = YES;
				GCC_WARN_UNUSED_VARIABLE = YES;
				LOCALIZATION_PREFERS_STRING_CATALOGS = YES;
				MTL_ENABLE_DEBUG_INFO = INCLUDE_SOURCE;
				MTL_FAST_MATH = YES;
				ONLY_ACTIVE_ARCH = YES;
				SWIFT_ACTIVE_COMPILATION_CONDITIONS = "DEBUG $(inherited)";
				SWIFT_OPTIMIZATION_LEVEL = "-Onone";
			};
			name = Debug;
		};
		DCBD2D6B2CB9F55900E2159E /* Release */ = {
			isa = XCBuildConfiguration;
			buildSettings = {
				ALWAYS_SEARCH_USER_PATHS = NO;
				ASSETCATALOG_COMPILER_GENERATE_SWIFT_ASSET_SYMBOL_EXTENSIONS = YES;
				CLANG_ANALYZER_NONNULL = YES;
				CLANG_ANALYZER_NUMBER_OBJECT_CONVERSION = YES_AGGRESSIVE;
				CLANG_CXX_LANGUAGE_STANDARD = "gnu++20";
				CLANG_ENABLE_MODULES = YES;
				CLANG_ENABLE_OBJC_ARC = YES;
				CLANG_ENABLE_OBJC_WEAK = YES;
				CLANG_WARN_BLOCK_CAPTURE_AUTORELEASING = YES;
				CLANG_WARN_BOOL_CONVERSION = YES;
				CLANG_WARN_COMMA = YES;
				CLANG_WARN_CONSTANT_CONVERSION = YES;
				CLANG_WARN_DEPRECATED_OBJC_IMPLEMENTATIONS = YES;
				CLANG_WARN_DIRECT_OBJC_ISA_USAGE = YES_ERROR;
				CLANG_WARN_DOCUMENTATION_COMMENTS = YES;
				CLANG_WARN_EMPTY_BODY = YES;
				CLANG_WARN_ENUM_CONVERSION = YES;
				CLANG_WARN_INFINITE_RECURSION = YES;
				CLANG_WARN_INT_CONVERSION = YES;
				CLANG_WARN_NON_LITERAL_NULL_CONVERSION = YES;
				CLANG_WARN_OBJC_IMPLICIT_RETAIN_SELF = YES;
				CLANG_WARN_OBJC_LITERAL_CONVERSION = YES;
				CLANG_WARN_OBJC_ROOT_CLASS = YES_ERROR;
				CLANG_WARN_QUOTED_INCLUDE_IN_FRAMEWORK_HEADER = YES;
				CLANG_WARN_RANGE_LOOP_ANALYSIS = YES;
				CLANG_WARN_STRICT_PROTOTYPES = YES;
				CLANG_WARN_SUSPICIOUS_MOVE = YES;
				CLANG_WARN_UNGUARDED_AVAILABILITY = YES_AGGRESSIVE;
				CLANG_WARN_UNREACHABLE_CODE = YES;
				CLANG_WARN__DUPLICATE_METHOD_MATCH = YES;
				COPY_PHASE_STRIP = NO;
				DEBUG_INFORMATION_FORMAT = "dwarf-with-dsym";
				ENABLE_NS_ASSERTIONS = NO;
				ENABLE_STRICT_OBJC_MSGSEND = YES;
				ENABLE_USER_SCRIPT_SANDBOXING = YES;
				GCC_C_LANGUAGE_STANDARD = gnu17;
				GCC_NO_COMMON_BLOCKS = YES;
				GCC_WARN_64_TO_32_BIT_CONVERSION = YES;
				GCC_WARN_ABOUT_RETURN_TYPE = YES_ERROR;
				GCC_WARN_UNDECLARED_SELECTOR = YES;
				GCC_WARN_UNINITIALIZED_AUTOS = YES_AGGRESSIVE;
				GCC_WARN_UNUSED_FUNCTION = YES;
				GCC_WARN_UNUSED_VARIABLE = YES;
				LOCALIZATION_PREFERS_STRING_CATALOGS = YES;
				MTL_ENABLE_DEBUG_INFO = NO;
				MTL_FAST_MATH = YES;
				SWIFT_COMPILATION_MODE = wholemodule;
			};
			name = Release;
		};
		DCBD2D6D2CB9F55900E2159E /* Debug */ = {
			isa = XCBuildConfiguration;
			baseConfigurationReferenceAnchor = DCBD2D492CB9F55700E2159E /* StikEMU */;
			baseConfigurationReferenceRelativePath = Config/Build.xcconfig;
			buildSettings = {
				ASSETCATALOG_COMPILER_APPICON_NAME = AppIcon;
				ASSETCATALOG_COMPILER_GLOBAL_ACCENT_COLOR_NAME = AccentColor;
				CODE_SIGN_ENTITLEMENTS = StikEMU/StikEMU.entitlements;
				CODE_SIGN_IDENTITY = "$(CODE_SIGN_IDENTITY)";
				CODE_SIGN_STYLE = Automatic;
				CURRENT_PROJECT_VERSION = "$(CURRENT_PROJECT_VERSION)";
				DEVELOPMENT_ASSET_PATHS = "\"StikEMU/Preview Content\"";
				DEVELOPMENT_TEAM = "$(DEVELOPMENT_TEAM)";
				ENABLE_HARDENED_RUNTIME = YES;
				ENABLE_PREVIEWS = YES;
				FRAMEWORK_SEARCH_PATHS = (
					"$(inherited)",
					"$(PROJECT_DIR)/StikEMU/stikemu/build/ios/Debug-iphonesimulator",
					"$(PROJECT_DIR)/StikEMU/stikemu/build/ios/Debug-iphonesimulator/path_provider_foundation",
					"$(PROJECT_DIR)/StikEMU/stikemu/build/ios/Debug-iphonesimulator/webview_flutter_wkwebview",
				);
				GENERATE_INFOPLIST_FILE = YES;
				INFOPLIST_FILE = StikEMU/Info.plist;
				INFOPLIST_KEY_CFBundleDisplayName = StikEMU;
				INFOPLIST_KEY_LSApplicationCategoryType = NO;
				INFOPLIST_KEY_LSSupportsOpeningDocumentsInPlace = YES;
				"INFOPLIST_KEY_UIApplicationSceneManifest_Generation[sdk=iphoneos*]" = YES;
				"INFOPLIST_KEY_UIApplicationSceneManifest_Generation[sdk=iphonesimulator*]" = YES;
				"INFOPLIST_KEY_UIApplicationSupportsIndirectInputEvents[sdk=iphoneos*]" = YES;
				"INFOPLIST_KEY_UIApplicationSupportsIndirectInputEvents[sdk=iphonesimulator*]" = YES;
				"INFOPLIST_KEY_UILaunchScreen_Generation[sdk=iphoneos*]" = YES;
				"INFOPLIST_KEY_UILaunchScreen_Generation[sdk=iphonesimulator*]" = YES;
				"INFOPLIST_KEY_UIStatusBarStyle[sdk=iphoneos*]" = UIStatusBarStyleDefault;
				"INFOPLIST_KEY_UIStatusBarStyle[sdk=iphonesimulator*]" = UIStatusBarStyleDefault;
				INFOPLIST_KEY_UISupportedInterfaceOrientations = "UIInterfaceOrientationLandscapeLeft UIInterfaceOrientationLandscapeRight UIInterfaceOrientationPortrait";
				INFOPLIST_KEY_UISupportedInterfaceOrientations_iPad = "UIInterfaceOrientationLandscapeLeft UIInterfaceOrientationLandscapeRight UIInterfaceOrientationPortrait UIInterfaceOrientationPortraitUpsideDown";
				IPHONEOS_DEPLOYMENT_TARGET = 16.0;
				LD_RUNPATH_SEARCH_PATHS = "@executable_path/Frameworks";
				"LD_RUNPATH_SEARCH_PATHS[sdk=macosx*]" = "@executable_path/../Frameworks";
				MACOSX_DEPLOYMENT_TARGET = 14.5;
				MARKETING_VERSION = 2.0;
				PRODUCT_BUNDLE_IDENTIFIER = "$(PRODUCT_BUNDLE_IDENTIFIER)";
				PRODUCT_NAME = StikFlash;
				SDKROOT = auto;
				SUPPORTED_PLATFORMS = "iphoneos iphonesimulator";
				SUPPORTS_MACCATALYST = NO;
				SWIFT_EMIT_LOC_STRINGS = YES;
				SWIFT_VERSION = 5.0;
				TARGETED_DEVICE_FAMILY = "1,2";
				XROS_DEPLOYMENT_TARGET = 2.0;
			};
			name = Debug;
		};
		DCBD2D6E2CB9F55900E2159E /* Release */ = {
			isa = XCBuildConfiguration;
			baseConfigurationReferenceAnchor = DCBD2D492CB9F55700E2159E /* StikEMU */;
			baseConfigurationReferenceRelativePath = Config/Build.xcconfig;
			buildSettings = {
				ASSETCATALOG_COMPILER_APPICON_NAME = AppIcon;
				ASSETCATALOG_COMPILER_GLOBAL_ACCENT_COLOR_NAME = AccentColor;
				CODE_SIGN_ENTITLEMENTS = StikEMU/StikEMU.entitlements;
				CODE_SIGN_IDENTITY = "$(CODE_SIGN_IDENTITY)";
				CODE_SIGN_STYLE = Automatic;
				CURRENT_PROJECT_VERSION = "$(CURRENT_PROJECT_VERSION)";
				DEVELOPMENT_ASSET_PATHS = "\"StikEMU/Preview Content\"";
				DEVELOPMENT_TEAM = "$(DEVELOPMENT_TEAM)";
				ENABLE_HARDENED_RUNTIME = YES;
				ENABLE_PREVIEWS = YES;
				FRAMEWORK_SEARCH_PATHS = (
					"$(inherited)",
					"$(PROJECT_DIR)/StikEMU/stikemu/build/ios/Debug-iphonesimulator",
					"$(PROJECT_DIR)/StikEMU/stikemu/build/ios/Debug-iphonesimulator/path_provider_foundation",
					"$(PROJECT_DIR)/StikEMU/stikemu/build/ios/Debug-iphonesimulator/webview_flutter_wkwebview",
				);
				GENERATE_INFOPLIST_FILE = YES;
				INFOPLIST_FILE = StikEMU/Info.plist;
				INFOPLIST_KEY_CFBundleDisplayName = StikEMU;
				INFOPLIST_KEY_LSApplicationCategoryType = NO;
				INFOPLIST_KEY_LSSupportsOpeningDocumentsInPlace = YES;
				"INFOPLIST_KEY_UIApplicationSceneManifest_Generation[sdk=iphoneos*]" = YES;
				"INFOPLIST_KEY_UIApplicationSceneManifest_Generation[sdk=iphonesimulator*]" = YES;
				"INFOPLIST_KEY_UIApplicationSupportsIndirectInputEvents[sdk=iphoneos*]" = YES;
				"INFOPLIST_KEY_UIApplicationSupportsIndirectInputEvents[sdk=iphonesimulator*]" = YES;
				"INFOPLIST_KEY_UILaunchScreen_Generation[sdk=iphoneos*]" = YES;
				"INFOPLIST_KEY_UILaunchScreen_Generation[sdk=iphonesimulator*]" = YES;
				"INFOPLIST_KEY_UIStatusBarStyle[sdk=iphoneos*]" = UIStatusBarStyleDefault;
				"INFOPLIST_KEY_UIStatusBarStyle[sdk=iphonesimulator*]" = UIStatusBarStyleDefault;
				INFOPLIST_KEY_UISupportedInterfaceOrientations = "UIInterfaceOrientationLandscapeLeft UIInterfaceOrientationLandscapeRight UIInterfaceOrientationPortrait";
				INFOPLIST_KEY_UISupportedInterfaceOrientations_iPad = "UIInterfaceOrientationLandscapeLeft UIInterfaceOrientationLandscapeRight UIInterfaceOrientationPortrait UIInterfaceOrientationPortraitUpsideDown";
				IPHONEOS_DEPLOYMENT_TARGET = 16.0;
				LD_RUNPATH_SEARCH_PATHS = "@executable_path/Frameworks";
				"LD_RUNPATH_SEARCH_PATHS[sdk=macosx*]" = "@executable_path/../Frameworks";
				MACOSX_DEPLOYMENT_TARGET = 14.5;
				MARKETING_VERSION = 2.0;
				PRODUCT_BUNDLE_IDENTIFIER = "$(PRODUCT_BUNDLE_IDENTIFIER)";
				PRODUCT_NAME = StikFlash;
				SDKROOT = auto;
				SUPPORTED_PLATFORMS = "iphoneos iphonesimulator";
				SUPPORTS_MACCATALYST = NO;
				SWIFT_EMIT_LOC_STRINGS = YES;
				SWIFT_VERSION = 5.0;
				TARGETED_DEVICE_FAMILY = "1,2";
				XROS_DEPLOYMENT_TARGET = 2.0;
			};
			name = Release;
		};
		DCBD2D702CB9F55900E2159E /* Debug */ = {
			isa = XCBuildConfiguration;
			buildSettings = {
				BUNDLE_LOADER = "$(TEST_HOST)";
				CODE_SIGN_STYLE = Automatic;
				CURRENT_PROJECT_VERSION = 1;
				DEVELOPMENT_TEAM = SZ977XLF24;
				GENERATE_INFOPLIST_FILE = YES;
				IPHONEOS_DEPLOYMENT_TARGET = 18.0;
				MACOSX_DEPLOYMENT_TARGET = 14.5;
				MARKETING_VERSION = 1.0;
				PRODUCT_BUNDLE_IDENTIFIER = com.stik.StikEMUTests;
				PRODUCT_NAME = "$(TARGET_NAME)";
				SDKROOT = auto;
				SUPPORTED_PLATFORMS = "iphoneos iphonesimulator macosx xros xrsimulator";
				SWIFT_EMIT_LOC_STRINGS = NO;
				SWIFT_VERSION = 5.0;
				TARGETED_DEVICE_FAMILY = "1,2,7";
				TEST_HOST = "$(BUILT_PRODUCTS_DIR)/StikFlash.app/$(BUNDLE_EXECUTABLE_FOLDER_PATH)/StikFlash";
				XROS_DEPLOYMENT_TARGET = 2.0;
			};
			name = Debug;
		};
		DCBD2D712CB9F55900E2159E /* Release */ = {
			isa = XCBuildConfiguration;
			buildSettings = {
				BUNDLE_LOADER = "$(TEST_HOST)";
				CODE_SIGN_STYLE = Automatic;
				CURRENT_PROJECT_VERSION = 1;
				DEVELOPMENT_TEAM = SZ977XLF24;
				GENERATE_INFOPLIST_FILE = YES;
				IPHONEOS_DEPLOYMENT_TARGET = 18.0;
				MACOSX_DEPLOYMENT_TARGET = 14.5;
				MARKETING_VERSION = 1.0;
				PRODUCT_BUNDLE_IDENTIFIER = com.stik.StikEMUTests;
				PRODUCT_NAME = "$(TARGET_NAME)";
				SDKROOT = auto;
				SUPPORTED_PLATFORMS = "iphoneos iphonesimulator macosx xros xrsimulator";
				SWIFT_EMIT_LOC_STRINGS = NO;
				SWIFT_VERSION = 5.0;
				TARGETED_DEVICE_FAMILY = "1,2,7";
				TEST_HOST = "$(BUILT_PRODUCTS_DIR)/StikFlash.app/$(BUNDLE_EXECUTABLE_FOLDER_PATH)/StikFlash";
				XROS_DEPLOYMENT_TARGET = 2.0;
			};
			name = Release;
		};
		DCBD2D732CB9F55900E2159E /* Debug */ = {
			isa = XCBuildConfiguration;
			buildSettings = {
				CODE_SIGN_STYLE = Automatic;
				CURRENT_PROJECT_VERSION = 1;
				DEVELOPMENT_TEAM = SZ977XLF24;
				GENERATE_INFOPLIST_FILE = YES;
				IPHONEOS_DEPLOYMENT_TARGET = 18.0;
				MACOSX_DEPLOYMENT_TARGET = 14.5;
				MARKETING_VERSION = 1.0;
				PRODUCT_BUNDLE_IDENTIFIER = com.stik.StikEMUUITests;
				PRODUCT_NAME = "$(TARGET_NAME)";
				SDKROOT = auto;
				SUPPORTED_PLATFORMS = "iphoneos iphonesimulator macosx xros xrsimulator";
				SWIFT_EMIT_LOC_STRINGS = NO;
				SWIFT_VERSION = 5.0;
				TARGETED_DEVICE_FAMILY = "1,2,7";
				TEST_TARGET_NAME = StikEMU;
				XROS_DEPLOYMENT_TARGET = 2.0;
			};
			name = Debug;
		};
		DCBD2D742CB9F55900E2159E /* Release */ = {
			isa = XCBuildConfiguration;
			buildSettings = {
				CODE_SIGN_STYLE = Automatic;
				CURRENT_PROJECT_VERSION = 1;
				DEVELOPMENT_TEAM = SZ977XLF24;
				GENERATE_INFOPLIST_FILE = YES;
				IPHONEOS_DEPLOYMENT_TARGET = 18.0;
				MACOSX_DEPLOYMENT_TARGET = 14.5;
				MARKETING_VERSION = 1.0;
				PRODUCT_BUNDLE_IDENTIFIER = com.stik.StikEMUUITests;
				PRODUCT_NAME = "$(TARGET_NAME)";
				SDKROOT = auto;
				SUPPORTED_PLATFORMS = "iphoneos iphonesimulator macosx xros xrsimulator";
				SWIFT_EMIT_LOC_STRINGS = NO;
				SWIFT_VERSION = 5.0;
				TARGETED_DEVICE_FAMILY = "1,2,7";
				TEST_TARGET_NAME = StikEMU;
				XROS_DEPLOYMENT_TARGET = 2.0;
			};
			name = Release;
		};
/* End XCBuildConfiguration section */

/* Begin XCConfigurationList section */
		DCBD2D422CB9F55700E2159E /* Build configuration list for PBXProject "StikFlash" */ = {
			isa = XCConfigurationList;
			buildConfigurations = (
				DCBD2D6A2CB9F55900E2159E /* Debug */,
				DCBD2D6B2CB9F55900E2159E /* Release */,
			);
			defaultConfigurationIsVisible = 0;
			defaultConfigurationName = Release;
		};
		DCBD2D6C2CB9F55900E2159E /* Build configuration list for PBXNativeTarget "StikFlash" */ = {
			isa = XCConfigurationList;
			buildConfigurations = (
				DCBD2D6D2CB9F55900E2159E /* Debug */,
				DCBD2D6E2CB9F55900E2159E /* Release */,
			);
			defaultConfigurationIsVisible = 0;
			defaultConfigurationName = Release;
		};
		DCBD2D6F2CB9F55900E2159E /* Build configuration list for PBXNativeTarget "StikFlashTests" */ = {
			isa = XCConfigurationList;
			buildConfigurations = (
				DCBD2D702CB9F55900E2159E /* Debug */,
				DCBD2D712CB9F55900E2159E /* Release */,
			);
			defaultConfigurationIsVisible = 0;
			defaultConfigurationName = Release;
		};
		DCBD2D722CB9F55900E2159E /* Build configuration list for PBXNativeTarget "StikFlashUITests" */ = {
			isa = XCConfigurationList;
			buildConfigurations = (
				DCBD2D732CB9F55900E2159E /* Debug */,
				DCBD2D742CB9F55900E2159E /* Release */,
			);
			defaultConfigurationIsVisible = 0;
			defaultConfigurationName = Release;
		};
/* End XCConfigurationList section */

/* Begin XCRemoteSwiftPackageReference section */
		DCBD2D752CB9F56800E2159E /* XCRemoteSwiftPackageReference "swifter" */ = {
			isa = XCRemoteSwiftPackageReference;
			repositoryURL = "https://github.com/httpswift/swifter.git";
			requirement = {
				kind = upToNextMajorVersion;
				minimumVersion = 1.5.0;
			};
		};
/* End XCRemoteSwiftPackageReference section */

/* Begin XCSwiftPackageProductDependency section */
		DCBD2D762CB9F56800E2159E /* Swifter */ = {
			isa = XCSwiftPackageProductDependency;
			package = DCBD2D752CB9F56800E2159E /* XCRemoteSwiftPackageReference "swifter" */;
			productName = Swifter;
		};
/* End XCSwiftPackageProductDependency section */
	};
	rootObject = DCBD2D3F2CB9F55700E2159E /* Project object */;
}
